
Microsoft Visual Studio Solution File, Format Version 12.00
# Visual Studio Version 17
VisualStudioVersion = 17.12.35527.113
MinimumVisualStudioVersion = 10.0.40219.1
Project("{FAE04EC0-301F-11D3-BF4B-00C04F79EFBC}") = "Sacco Management System", "Sacco Management System.csproj", "{10D3830A-C48D-4778-887E-4195BCF9479D}"
EndProject
Global
	GlobalSection(SolutionConfigurationPlatforms) = preSolution
		Debug|Any CPU = Debug|Any CPU
		Release|Any CPU = Release|Any CPU
	EndGlobalSection
	GlobalSection(ProjectConfigurationPlatforms) = postSolution
		{10D3830A-C48D-4778-887E-4195BCF9479D}.Debug|Any CPU.ActiveCfg = Debug|Any CPU
		{10D3830A-C48D-4778-887E-4195BCF9479D}.Debug|Any CPU.Build.0 = Debug|Any CPU
		{10D3830A-C48D-4778-887E-4195BCF9479D}.Release|Any CPU.ActiveCfg = Release|Any CPU
		{10D3830A-C48D-4778-887E-4195BCF9479D}.Release|Any CPU.Build.0 = Release|Any CPU
	EndGlobalSection
	GlobalSection(SolutionProperties) = preSolution
		HideSolutionNode = FALSE
	EndGlobalSection
	GlobalSection(ExtensibilityGlobals) = postSolution
		SolutionGuid = {F4159146-0848-4A0D-8049-00865A381533}
	EndGlobalSection
EndGlobal
